// !$*UTF8*$!
{
	archiveVersion = 1;
	classes = {
	};
	objectVersion = 50;
	objects = {

/* Begin PBXBuildFile section */
		347384B05913C5C37AA7AE52 /* libPods-ZCYReader.a in Frameworks */ = {isa = PBXBuildFile; fileRef = 140B140932F1B841A07D70CA /* libPods-ZCYReader.a */; };
		391FCF2322CAF51C00921C1D /* AppDelegate.m in Sources */ = {isa = PBXBuildFile; fileRef = 391FCF2222CAF51C00921C1D /* AppDelegate.m */; };
		391FCF2622CAF51C00921C1D /* ViewController.m in Sources */ = {isa = PBXBuildFile; fileRef = 391FCF2522CAF51C00921C1D /* ViewController.m */; };
		391FCF2922CAF51C00921C1D /* Main.storyboard in Resources */ = {isa = PBXBuildFile; fileRef = 391FCF2722CAF51C00921C1D /* Main.storyboard */; };
		391FCF2B22CAF51E00921C1D /* Assets.xcassets in Resources */ = {isa = PBXBuildFile; fileRef = 391FCF2A22CAF51E00921C1D /* Assets.xcassets */; };
		391FCF2E22CAF51E00921C1D /* LaunchScreen.storyboard in Resources */ = {isa = PBXBuildFile; fileRef = 391FCF2C22CAF51E00921C1D /* LaunchScreen.storyboard */; };
		391FCF3122CAF51E00921C1D /* main.m in Sources */ = {isa = PBXBuildFile; fileRef = 391FCF3022CAF51E00921C1D /* main.m */; };
		391FCF3B22CAF51E00921C1D /* ZCYReaderTests.m in Sources */ = {isa = PBXBuildFile; fileRef = 391FCF3A22CAF51E00921C1D /* ZCYReaderTests.m */; };
		391FCF4622CAF51E00921C1D /* ZCYReaderUITests.m in Sources */ = {isa = PBXBuildFile; fileRef = 391FCF4522CAF51E00921C1D /* ZCYReaderUITests.m */; };
		391FCFD622CB046700921C1D /* 华文新魏.ttf in Resources */ = {isa = PBXBuildFile; fileRef = 391FCF5522CB046600921C1D /* 华文新魏.ttf */; };
		391FCFD722CB046700921C1D /* 华文行楷.ttf in Resources */ = {isa = PBXBuildFile; fileRef = 391FCF5622CB046600921C1D /* 华文行楷.ttf */; };
		391FCFD822CB046700921C1D /* 华文彩云.ttf in Resources */ = {isa = PBXBuildFile; fileRef = 391FCF5722CB046600921C1D /* 华文彩云.ttf */; };
		391FCFD922CB046700921C1D /* 华文琥珀.ttf in Resources */ = {isa = PBXBuildFile; fileRef = 391FCF5822CB046600921C1D /* 华文琥珀.ttf */; };
		391FCFDA22CB046700921C1D /* XDSReadManager.m in Sources */ = {isa = PBXBuildFile; fileRef = 391FCF5C22CB046600921C1D /* XDSReadManager.m */; };
		391FCFDB22CB046700921C1D /* XDSReadConfig.m in Sources */ = {isa = PBXBuildFile; fileRef = 391FCF5D22CB046600921C1D /* XDSReadConfig.m */; };
		391FCFDC22CB046700921C1D /* XDSReadOperation.m in Sources */ = {isa = PBXBuildFile; fileRef = 391FCF6022CB046600921C1D /* XDSReadOperation.m */; };
		391FCFDD22CB046700921C1D /* XDSReaderUtil.m in Sources */ = {isa = PBXBuildFile; fileRef = 391FCF6422CB046600921C1D /* XDSReaderUtil.m */; };
		391FCFDE22CB046700921C1D /* XDSReaderGlobleConst.m in Sources */ = {isa = PBXBuildFile; fileRef = 391FCF6522CB046600921C1D /* XDSReaderGlobleConst.m */; };
		391FCFDF22CB046700921C1D /* XDSRecordModel.m in Sources */ = {isa = PBXBuildFile; fileRef = 391FCF6822CB046600921C1D /* XDSRecordModel.m */; };
		391FCFE022CB046700921C1D /* XDSNoteModel.m in Sources */ = {isa = PBXBuildFile; fileRef = 391FCF6922CB046600921C1D /* XDSNoteModel.m */; };
		391FCFE122CB046700921C1D /* XDSChapterModel.m in Sources */ = {isa = PBXBuildFile; fileRef = 391FCF6A22CB046600921C1D /* XDSChapterModel.m */; };
		391FCFE222CB046700921C1D /* XDSMarkModel.m in Sources */ = {isa = PBXBuildFile; fileRef = 391FCF6F22CB046600921C1D /* XDSMarkModel.m */; };
		391FCFE322CB046700921C1D /* XDSBookModel.m in Sources */ = {isa = PBXBuildFile; fileRef = 391FCF7122CB046600921C1D /* XDSBookModel.m */; };
		391FCFE422CB046700921C1D /* XDSMagnifierView.m in Sources */ = {isa = PBXBuildFile; fileRef = 391FCF7322CB046600921C1D /* XDSMagnifierView.m */; };
		391FCFE522CB046700921C1D /* UIControl+XDSHyperLink.m in Sources */ = {isa = PBXBuildFile; fileRef = 391FCF7522CB046600921C1D /* UIControl+XDSHyperLink.m */; };
		391FCFE622CB046700921C1D /* XDSReadView.m in Sources */ = {isa = PBXBuildFile; fileRef = 391FCF7722CB046600921C1D /* XDSReadView.m */; };
		391FCFE722CB046700921C1D /* CXMLDocument.m in Sources */ = {isa = PBXBuildFile; fileRef = 391FCF8022CB046600921C1D /* CXMLDocument.m */; };
		391FCFE822CB046700921C1D /* CXMLNode.m in Sources */ = {isa = PBXBuildFile; fileRef = 391FCF8122CB046600921C1D /* CXMLNode.m */; };
		391FCFE922CB046700921C1D /* CXMLNamespaceNode.m in Sources */ = {isa = PBXBuildFile; fileRef = 391FCF8222CB046600921C1D /* CXMLNamespaceNode.m */; };
		391FCFEA22CB046700921C1D /* CXMLNode_XPathExtensions.m in Sources */ = {isa = PBXBuildFile; fileRef = 391FCF8322CB046600921C1D /* CXMLNode_XPathExtensions.m */; };
		391FCFEB22CB046700921C1D /* CXMLNode_PrivateExtensions.m in Sources */ = {isa = PBXBuildFile; fileRef = 391FCF8522CB046600921C1D /* CXMLNode_PrivateExtensions.m */; };
		391FCFEC22CB046700921C1D /* CXMLUnsupportedNode.m in Sources */ = {isa = PBXBuildFile; fileRef = 391FCF8822CB046600921C1D /* CXMLUnsupportedNode.m */; };
		391FCFED22CB046700921C1D /* CXMLElement_ElementTreeExtensions.m in Sources */ = {isa = PBXBuildFile; fileRef = 391FCF8922CB046600921C1D /* CXMLElement_ElementTreeExtensions.m */; };
		391FCFEE22CB046700921C1D /* CXMLNode_CreationExtensions.m in Sources */ = {isa = PBXBuildFile; fileRef = 391FCF9322CB046600921C1D /* CXMLNode_CreationExtensions.m */; };
		391FCFEF22CB046700921C1D /* CXMLDocument_CreationExtensions.m in Sources */ = {isa = PBXBuildFile; fileRef = 391FCF9422CB046600921C1D /* CXMLDocument_CreationExtensions.m */; };
		391FCFF022CB046700921C1D /* CTidy.m in Sources */ = {isa = PBXBuildFile; fileRef = 391FCF9722CB046600921C1D /* CTidy.m */; };
		391FCFF122CB046700921C1D /* CXMLDocument_PrivateExtensions.m in Sources */ = {isa = PBXBuildFile; fileRef = 391FCF9822CB046600921C1D /* CXMLDocument_PrivateExtensions.m */; };
		391FCFF222CB046700921C1D /* CXHTMLDocument.m in Sources */ = {isa = PBXBuildFile; fileRef = 391FCF9922CB046600921C1D /* CXHTMLDocument.m */; };
		391FCFF322CB046700921C1D /* CXMLElement_CreationExtensions.m in Sources */ = {isa = PBXBuildFile; fileRef = 391FCF9B22CB046600921C1D /* CXMLElement_CreationExtensions.m */; };
		391FCFF422CB046700921C1D /* CXMLElement.m in Sources */ = {isa = PBXBuildFile; fileRef = 391FCF9C22CB046600921C1D /* CXMLElement.m */; };
		391FCFF522CB046700921C1D /* NSString+HTML.m in Sources */ = {isa = PBXBuildFile; fileRef = 391FCFA022CB046600921C1D /* NSString+HTML.m */; settings = {COMPILER_FLAGS = "-fno-objc-arc"; }; };
		391FCFF622CB046700921C1D /* UIImage+ImageEffects.m in Sources */ = {isa = PBXBuildFile; fileRef = 391FCFA122CB046600921C1D /* UIImage+ImageEffects.m */; };
		391FCFF722CB046700921C1D /* UIView+XDSHyperLink.m in Sources */ = {isa = PBXBuildFile; fileRef = 391FCFA222CB046600921C1D /* UIView+XDSHyperLink.m */; };
		391FCFF822CB046700921C1D /* GTMNSString+HTML.m in Sources */ = {isa = PBXBuildFile; fileRef = 391FCFA322CB046600921C1D /* GTMNSString+HTML.m */; settings = {COMPILER_FLAGS = "-fno-objc-arc"; }; };
		391FCFF922CB046700921C1D /* 妖神记.txt in Resources */ = {isa = PBXBuildFile; fileRef = 391FCFA522CB046600921C1D /* 妖神记.txt */; };
		391FCFFA22CB046700921C1D /* zoubianzhongguo.epub in Resources */ = {isa = PBXBuildFile; fileRef = 391FCFA622CB046600921C1D /* zoubianzhongguo.epub */; };
		391FCFFB22CB046700921C1D /* mdjyml.txt in Resources */ = {isa = PBXBuildFile; fileRef = 391FCFA722CB046600921C1D /* mdjyml.txt */; };
		391FCFFC22CB046700921C1D /* 每天懂一点好玩心理学.epub in Resources */ = {isa = PBXBuildFile; fileRef = 391FCFA822CB046600921C1D /* 每天懂一点好玩心理学.epub */; };
		391FCFFE22CB046700921C1D /* XDSReadViewController.m in Sources */ = {isa = PBXBuildFile; fileRef = 391FCFAB22CB046600921C1D /* XDSReadViewController.m */; };
		391FCFFF22CB046700921C1D /* XDSReadPageViewController.m in Sources */ = {isa = PBXBuildFile; fileRef = 391FCFAE22CB046600921C1D /* XDSReadPageViewController.m */; };
		391FD00022CB046700921C1D /* XDSPhotoBrowser.m in Sources */ = {isa = PBXBuildFile; fileRef = 391FCFB022CB046600921C1D /* XDSPhotoBrowser.m */; };
		391FD00122CB046700921C1D /* XDSReadMenu.m in Sources */ = {isa = PBXBuildFile; fileRef = 391FCFB222CB046600921C1D /* XDSReadMenu.m */; };
		391FD00222CB046700921C1D /* XDSNoDataView.xib in Resources */ = {isa = PBXBuildFile; fileRef = 391FCFB522CB046600921C1D /* XDSNoDataView.xib */; };
		391FD00322CB046700921C1D /* XDSCatalogueView.m in Sources */ = {isa = PBXBuildFile; fileRef = 391FCFB622CB046600921C1D /* XDSCatalogueView.m */; };
		391FD00422CB046700921C1D /* XDSCatalogueTabBarController.m in Sources */ = {isa = PBXBuildFile; fileRef = 391FCFBC22CB046700921C1D /* XDSCatalogueTabBarController.m */; };
		391FD00522CB046700921C1D /* XDSCatalogueViewController.m in Sources */ = {isa = PBXBuildFile; fileRef = 391FCFBE22CB046700921C1D /* XDSCatalogueViewController.m */; };
		391FD00622CB046700921C1D /* XDSMarkViewController.m in Sources */ = {isa = PBXBuildFile; fileRef = 391FCFBF22CB046700921C1D /* XDSMarkViewController.m */; };
		391FD00722CB046700921C1D /* XDSNoDataView.m in Sources */ = {isa = PBXBuildFile; fileRef = 391FCFC022CB046700921C1D /* XDSNoDataView.m */; };
		391FD00822CB046700921C1D /* XDSNoteViewController.m in Sources */ = {isa = PBXBuildFile; fileRef = 391FCFC122CB046700921C1D /* XDSNoteViewController.m */; };
		391FD00922CB046700921C1D /* XDSNoteCell.m in Sources */ = {isa = PBXBuildFile; fileRef = 391FCFC222CB046700921C1D /* XDSNoteCell.m */; };
		391FD00A22CB046700921C1D /* XDSReadSettingView.m in Sources */ = {isa = PBXBuildFile; fileRef = 391FCFC322CB046700921C1D /* XDSReadSettingView.m */; };
		391FD00B22CB046700921C1D /* XDSReadRootView.m in Sources */ = {isa = PBXBuildFile; fileRef = 391FCFC422CB046700921C1D /* XDSReadRootView.m */; };
		391FD00C22CB046700921C1D /* XDSMenuTopView.m in Sources */ = {isa = PBXBuildFile; fileRef = 391FCFC522CB046700921C1D /* XDSMenuTopView.m */; };
		391FD00D22CB046700921C1D /* XDSReadViewConst.m in Sources */ = {isa = PBXBuildFile; fileRef = 391FCFC722CB046700921C1D /* XDSReadViewConst.m */; };
		391FD00E22CB046700921C1D /* XDSMenuBottomView.m in Sources */ = {isa = PBXBuildFile; fileRef = 391FCFC822CB046700921C1D /* XDSMenuBottomView.m */; };
		391FD00F22CB046700921C1D /* XDSReadMenu.xcassets in Resources */ = {isa = PBXBuildFile; fileRef = 391FCFC922CB046700921C1D /* XDSReadMenu.xcassets */; };
		391FD01022CB046700921C1D /* XDSLightView.m in Sources */ = {isa = PBXBuildFile; fileRef = 391FCFCA22CB046700921C1D /* XDSLightView.m */; };
		391FD01122CB046700921C1D /* UIView+YGPulseView.m in Sources */ = {isa = PBXBuildFile; fileRef = 391FCFCC22CB046700921C1D /* UIView+YGPulseView.m */; };
		391FD01222CB046700921C1D /* XDSHaloButton.m in Sources */ = {isa = PBXBuildFile; fileRef = 391FCFD222CB046700921C1D /* XDSHaloButton.m */; };
		391FD01522CB06DF00921C1D /* libz.tbd in Frameworks */ = {isa = PBXBuildFile; fileRef = 391FD01422CB06DF00921C1D /* libz.tbd */; };
/* End PBXBuildFile section */

/* Begin PBXContainerItemProxy section */
		391FCF3722CAF51E00921C1D /* PBXContainerItemProxy */ = {
			isa = PBXContainerItemProxy;
			containerPortal = 391FCF1622CAF51C00921C1D /* Project object */;
			proxyType = 1;
			remoteGlobalIDString = 391FCF1D22CAF51C00921C1D;
			remoteInfo = ZCYReader;
		};
		391FCF4222CAF51E00921C1D /* PBXContainerItemProxy */ = {
			isa = PBXContainerItemProxy;
			containerPortal = 391FCF1622CAF51C00921C1D /* Project object */;
			proxyType = 1;
			remoteGlobalIDString = 391FCF1D22CAF51C00921C1D;
			remoteInfo = ZCYReader;
		};
/* End PBXContainerItemProxy section */

/* Begin PBXFileReference section */
		140B140932F1B841A07D70CA /* libPods-ZCYReader.a */ = {isa = PBXFileReference; explicitFileType = archive.ar; includeInIndex = 0; path = "libPods-ZCYReader.a"; sourceTree = BUILT_PRODUCTS_DIR; };
		25C12DF7731CCD624E941004 /* Pods-ZCYReader.release.xcconfig */ = {isa = PBXFileReference; includeInIndex = 1; lastKnownFileType = text.xcconfig; name = "Pods-ZCYReader.release.xcconfig"; path = "Pods/Target Support Files/Pods-ZCYReader/Pods-ZCYReader.release.xcconfig"; sourceTree = "<group>"; };
		391FCF1E22CAF51C00921C1D /* ZCYReader.app */ = {isa = PBXFileReference; explicitFileType = wrapper.application; includeInIndex = 0; path = ZCYReader.app; sourceTree = BUILT_PRODUCTS_DIR; };
		391FCF2122CAF51C00921C1D /* AppDelegate.h */ = {isa = PBXFileReference; lastKnownFileType = sourcecode.c.h; path = AppDelegate.h; sourceTree = "<group>"; };
		391FCF2222CAF51C00921C1D /* AppDelegate.m */ = {isa = PBXFileReference; lastKnownFileType = sourcecode.c.objc; path = AppDelegate.m; sourceTree = "<group>"; };
		391FCF2422CAF51C00921C1D /* ViewController.h */ = {isa = PBXFileReference; lastKnownFileType = sourcecode.c.h; path = ViewController.h; sourceTree = "<group>"; };
		391FCF2522CAF51C00921C1D /* ViewController.m */ = {isa = PBXFileReference; lastKnownFileType = sourcecode.c.objc; path = ViewController.m; sourceTree = "<group>"; };
		391FCF2822CAF51C00921C1D /* Base */ = {isa = PBXFileReference; lastKnownFileType = file.storyboard; name = Base; path = Base.lproj/Main.storyboard; sourceTree = "<group>"; };
		391FCF2A22CAF51E00921C1D /* Assets.xcassets */ = {isa = PBXFileReference; lastKnownFileType = folder.assetcatalog; path = Assets.xcassets; sourceTree = "<group>"; };
		391FCF2D22CAF51E00921C1D /* Base */ = {isa = PBXFileReference; lastKnownFileType = file.storyboard; name = Base; path = Base.lproj/LaunchScreen.storyboard; sourceTree = "<group>"; };
		391FCF2F22CAF51E00921C1D /* Info.plist */ = {isa = PBXFileReference; lastKnownFileType = text.plist.xml; path = Info.plist; sourceTree = "<group>"; };
		391FCF3022CAF51E00921C1D /* main.m */ = {isa = PBXFileReference; lastKnownFileType = sourcecode.c.objc; path = main.m; sourceTree = "<group>"; };
		391FCF3622CAF51E00921C1D /* ZCYReaderTests.xctest */ = {isa = PBXFileReference; explicitFileType = wrapper.cfbundle; includeInIndex = 0; path = ZCYReaderTests.xctest; sourceTree = BUILT_PRODUCTS_DIR; };
		391FCF3A22CAF51E00921C1D /* ZCYReaderTests.m */ = {isa = PBXFileReference; lastKnownFileType = sourcecode.c.objc; path = ZCYReaderTests.m; sourceTree = "<group>"; };
		391FCF3C22CAF51E00921C1D /* Info.plist */ = {isa = PBXFileReference; lastKnownFileType = text.plist.xml; path = Info.plist; sourceTree = "<group>"; };
		391FCF4122CAF51E00921C1D /* ZCYReaderUITests.xctest */ = {isa = PBXFileReference; explicitFileType = wrapper.cfbundle; includeInIndex = 0; path = ZCYReaderUITests.xctest; sourceTree = BUILT_PRODUCTS_DIR; };
		391FCF4522CAF51E00921C1D /* ZCYReaderUITests.m */ = {isa = PBXFileReference; lastKnownFileType = sourcecode.c.objc; path = ZCYReaderUITests.m; sourceTree = "<group>"; };
		391FCF4722CAF51E00921C1D /* Info.plist */ = {isa = PBXFileReference; lastKnownFileType = text.plist.xml; path = Info.plist; sourceTree = "<group>"; };
		391FCF5522CB046600921C1D /* 华文新魏.ttf */ = {isa = PBXFileReference; lastKnownFileType = file; path = "华文新魏.ttf"; sourceTree = "<group>"; };
		391FCF5622CB046600921C1D /* 华文行楷.ttf */ = {isa = PBXFileReference; lastKnownFileType = file; path = "华文行楷.ttf"; sourceTree = "<group>"; };
		391FCF5722CB046600921C1D /* 华文彩云.ttf */ = {isa = PBXFileReference; lastKnownFileType = file; path = "华文彩云.ttf"; sourceTree = "<group>"; };
		391FCF5822CB046600921C1D /* 华文琥珀.ttf */ = {isa = PBXFileReference; lastKnownFileType = file; path = "华文琥珀.ttf"; sourceTree = "<group>"; };
		391FCF5B22CB046600921C1D /* XDSReadOperation.h */ = {isa = PBXFileReference; fileEncoding = 4; lastKnownFileType = sourcecode.c.h; path = XDSReadOperation.h; sourceTree = "<group>"; };
		391FCF5C22CB046600921C1D /* XDSReadManager.m */ = {isa = PBXFileReference; fileEncoding = 4; lastKnownFileType = sourcecode.c.objc; path = XDSReadManager.m; sourceTree = "<group>"; };
		391FCF5D22CB046600921C1D /* XDSReadConfig.m */ = {isa = PBXFileReference; fileEncoding = 4; lastKnownFileType = sourcecode.c.objc; path = XDSReadConfig.m; sourceTree = "<group>"; };
		391FCF5E22CB046600921C1D /* XDSReadConfig.h */ = {isa = PBXFileReference; fileEncoding = 4; lastKnownFileType = sourcecode.c.h; path = XDSReadConfig.h; sourceTree = "<group>"; };
		391FCF5F22CB046600921C1D /* XDSReadManager.h */ = {isa = PBXFileReference; fileEncoding = 4; lastKnownFileType = sourcecode.c.h; path = XDSReadManager.h; sourceTree = "<group>"; };
		391FCF6022CB046600921C1D /* XDSReadOperation.m */ = {isa = PBXFileReference; fileEncoding = 4; lastKnownFileType = sourcecode.c.objc; path = XDSReadOperation.m; sourceTree = "<group>"; };
		391FCF6222CB046600921C1D /* XDSReaderDelegate.h */ = {isa = PBXFileReference; fileEncoding = 4; lastKnownFileType = sourcecode.c.h; path = XDSReaderDelegate.h; sourceTree = "<group>"; };
		391FCF6322CB046600921C1D /* XDSReaderGlobleConst.h */ = {isa = PBXFileReference; fileEncoding = 4; lastKnownFileType = sourcecode.c.h; path = XDSReaderGlobleConst.h; sourceTree = "<group>"; };
		391FCF6422CB046600921C1D /* XDSReaderUtil.m */ = {isa = PBXFileReference; fileEncoding = 4; lastKnownFileType = sourcecode.c.objc; path = XDSReaderUtil.m; sourceTree = "<group>"; };
		391FCF6522CB046600921C1D /* XDSReaderGlobleConst.m */ = {isa = PBXFileReference; fileEncoding = 4; lastKnownFileType = sourcecode.c.objc; path = XDSReaderGlobleConst.m; sourceTree = "<group>"; };
		391FCF6622CB046600921C1D /* XDSReaderUtil.h */ = {isa = PBXFileReference; fileEncoding = 4; lastKnownFileType = sourcecode.c.h; path = XDSReaderUtil.h; sourceTree = "<group>"; };
		391FCF6822CB046600921C1D /* XDSRecordModel.m */ = {isa = PBXFileReference; fileEncoding = 4; lastKnownFileType = sourcecode.c.objc; path = XDSRecordModel.m; sourceTree = "<group>"; };
		391FCF6922CB046600921C1D /* XDSNoteModel.m */ = {isa = PBXFileReference; fileEncoding = 4; lastKnownFileType = sourcecode.c.objc; path = XDSNoteModel.m; sourceTree = "<group>"; };
		391FCF6A22CB046600921C1D /* XDSChapterModel.m */ = {isa = PBXFileReference; fileEncoding = 4; lastKnownFileType = sourcecode.c.objc; path = XDSChapterModel.m; sourceTree = "<group>"; };
		391FCF6B22CB046600921C1D /* XDSMarkModel.h */ = {isa = PBXFileReference; fileEncoding = 4; lastKnownFileType = sourcecode.c.h; path = XDSMarkModel.h; sourceTree = "<group>"; };
		391FCF6C22CB046600921C1D /* XDSBookModel.h */ = {isa = PBXFileReference; fileEncoding = 4; lastKnownFileType = sourcecode.c.h; path = XDSBookModel.h; sourceTree = "<group>"; };
		391FCF6D22CB046600921C1D /* XDSRecordModel.h */ = {isa = PBXFileReference; fileEncoding = 4; lastKnownFileType = sourcecode.c.h; path = XDSRecordModel.h; sourceTree = "<group>"; };
		391FCF6E22CB046600921C1D /* XDSChapterModel.h */ = {isa = PBXFileReference; fileEncoding = 4; lastKnownFileType = sourcecode.c.h; path = XDSChapterModel.h; sourceTree = "<group>"; };
		391FCF6F22CB046600921C1D /* XDSMarkModel.m */ = {isa = PBXFileReference; fileEncoding = 4; lastKnownFileType = sourcecode.c.objc; path = XDSMarkModel.m; sourceTree = "<group>"; };
		391FCF7022CB046600921C1D /* XDSNoteModel.h */ = {isa = PBXFileReference; fileEncoding = 4; lastKnownFileType = sourcecode.c.h; path = XDSNoteModel.h; sourceTree = "<group>"; };
		391FCF7122CB046600921C1D /* XDSBookModel.m */ = {isa = PBXFileReference; fileEncoding = 4; lastKnownFileType = sourcecode.c.objc; path = XDSBookModel.m; sourceTree = "<group>"; };
		391FCF7322CB046600921C1D /* XDSMagnifierView.m */ = {isa = PBXFileReference; fileEncoding = 4; lastKnownFileType = sourcecode.c.objc; path = XDSMagnifierView.m; sourceTree = "<group>"; };
		391FCF7422CB046600921C1D /* XDSReadView.h */ = {isa = PBXFileReference; fileEncoding = 4; lastKnownFileType = sourcecode.c.h; path = XDSReadView.h; sourceTree = "<group>"; };
		391FCF7522CB046600921C1D /* UIControl+XDSHyperLink.m */ = {isa = PBXFileReference; fileEncoding = 4; lastKnownFileType = sourcecode.c.objc; path = "UIControl+XDSHyperLink.m"; sourceTree = "<group>"; };
		391FCF7622CB046600921C1D /* UIControl+XDSHyperLink.h */ = {isa = PBXFileReference; fileEncoding = 4; lastKnownFileType = sourcecode.c.h; path = "UIControl+XDSHyperLink.h"; sourceTree = "<group>"; };
		391FCF7722CB046600921C1D /* XDSReadView.m */ = {isa = PBXFileReference; fileEncoding = 4; lastKnownFileType = sourcecode.c.objc; path = XDSReadView.m; sourceTree = "<group>"; };
		391FCF7822CB046600921C1D /* XDSMagnifierView.h */ = {isa = PBXFileReference; fileEncoding = 4; lastKnownFileType = sourcecode.c.h; path = XDSMagnifierView.h; sourceTree = "<group>"; };
		391FCF7922CB046600921C1D /* XDSReaderHeader.h */ = {isa = PBXFileReference; fileEncoding = 4; lastKnownFileType = sourcecode.c.h; path = XDSReaderHeader.h; sourceTree = "<group>"; };
		391FCF7B22CB046600921C1D /* UIImage+ImageEffects.h */ = {isa = PBXFileReference; fileEncoding = 4; lastKnownFileType = sourcecode.c.h; path = "UIImage+ImageEffects.h"; sourceTree = "<group>"; };
		391FCF7C22CB046600921C1D /* NSString+HTML.h */ = {isa = PBXFileReference; fileEncoding = 4; lastKnownFileType = sourcecode.c.h; path = "NSString+HTML.h"; sourceTree = "<group>"; };
		391FCF7D22CB046600921C1D /* GTMNSString+HTML.h */ = {isa = PBXFileReference; fileEncoding = 4; lastKnownFileType = sourcecode.c.h; path = "GTMNSString+HTML.h"; sourceTree = "<group>"; };
		391FCF7E22CB046600921C1D /* UIView+XDSHyperLink.h */ = {isa = PBXFileReference; fileEncoding = 4; lastKnownFileType = sourcecode.c.h; path = "UIView+XDSHyperLink.h"; sourceTree = "<group>"; };
		391FCF8022CB046600921C1D /* CXMLDocument.m */ = {isa = PBXFileReference; fileEncoding = 4; lastKnownFileType = sourcecode.c.objc; path = CXMLDocument.m; sourceTree = "<group>"; };
		391FCF8122CB046600921C1D /* CXMLNode.m */ = {isa = PBXFileReference; fileEncoding = 4; lastKnownFileType = sourcecode.c.objc; path = CXMLNode.m; sourceTree = "<group>"; };
		391FCF8222CB046600921C1D /* CXMLNamespaceNode.m */ = {isa = PBXFileReference; fileEncoding = 4; lastKnownFileType = sourcecode.c.objc; path = CXMLNamespaceNode.m; sourceTree = "<group>"; };
		391FCF8322CB046600921C1D /* CXMLNode_XPathExtensions.m */ = {isa = PBXFileReference; fileEncoding = 4; lastKnownFileType = sourcecode.c.objc; path = CXMLNode_XPathExtensions.m; sourceTree = "<group>"; };
		391FCF8422CB046600921C1D /* CXMLElement_CreationExtensions.h */ = {isa = PBXFileReference; fileEncoding = 4; lastKnownFileType = sourcecode.c.h; path = CXMLElement_CreationExtensions.h; sourceTree = "<group>"; };
		391FCF8522CB046600921C1D /* CXMLNode_PrivateExtensions.m */ = {isa = PBXFileReference; fileEncoding = 4; lastKnownFileType = sourcecode.c.objc; path = CXMLNode_PrivateExtensions.m; sourceTree = "<group>"; };
		391FCF8622CB046600921C1D /* CXHTMLDocument.h */ = {isa = PBXFileReference; fileEncoding = 4; lastKnownFileType = sourcecode.c.h; path = CXHTMLDocument.h; sourceTree = "<group>"; };
		391FCF8722CB046600921C1D /* CXMLDocument_PrivateExtensions.h */ = {isa = PBXFileReference; fileEncoding = 4; lastKnownFileType = sourcecode.c.h; path = CXMLDocument_PrivateExtensions.h; sourceTree = "<group>"; };
		391FCF8822CB046600921C1D /* CXMLUnsupportedNode.m */ = {isa = PBXFileReference; fileEncoding = 4; lastKnownFileType = sourcecode.c.objc; path = CXMLUnsupportedNode.m; sourceTree = "<group>"; };
		391FCF8922CB046600921C1D /* CXMLElement_ElementTreeExtensions.m */ = {isa = PBXFileReference; fileEncoding = 4; lastKnownFileType = sourcecode.c.objc; path = CXMLElement_ElementTreeExtensions.m; sourceTree = "<group>"; };
		391FCF8A22CB046600921C1D /* CXMLElement.h */ = {isa = PBXFileReference; fileEncoding = 4; lastKnownFileType = sourcecode.c.h; path = CXMLElement.h; sourceTree = "<group>"; };
		391FCF8B22CB046600921C1D /* TouchXML.h */ = {isa = PBXFileReference; fileEncoding = 4; lastKnownFileType = sourcecode.c.h; path = TouchXML.h; sourceTree = "<group>"; };
		391FCF8C22CB046600921C1D /* CXMLNamespaceNode.h */ = {isa = PBXFileReference; fileEncoding = 4; lastKnownFileType = sourcecode.c.h; path = CXMLNamespaceNode.h; sourceTree = "<group>"; };
		391FCF8D22CB046600921C1D /* CXMLNode_XPathExtensions.h */ = {isa = PBXFileReference; fileEncoding = 4; lastKnownFileType = sourcecode.c.h; path = CXMLNode_XPathExtensions.h; sourceTree = "<group>"; };
		391FCF8E22CB046600921C1D /* CXMLNode.h */ = {isa = PBXFileReference; fileEncoding = 4; lastKnownFileType = sourcecode.c.h; path = CXMLNode.h; sourceTree = "<group>"; };
		391FCF8F22CB046600921C1D /* CXMLDocument.h */ = {isa = PBXFileReference; fileEncoding = 4; lastKnownFileType = sourcecode.c.h; path = CXMLDocument.h; sourceTree = "<group>"; };
		391FCF9122CB046600921C1D /* CXMLNode_CreationExtensions.h */ = {isa = PBXFileReference; fileEncoding = 4; lastKnownFileType = sourcecode.c.h; path = CXMLNode_CreationExtensions.h; sourceTree = "<group>"; };
		391FCF9222CB046600921C1D /* CXMLDocument_CreationExtensions.h */ = {isa = PBXFileReference; fileEncoding = 4; lastKnownFileType = sourcecode.c.h; path = CXMLDocument_CreationExtensions.h; sourceTree = "<group>"; };
		391FCF9322CB046600921C1D /* CXMLNode_CreationExtensions.m */ = {isa = PBXFileReference; fileEncoding = 4; lastKnownFileType = sourcecode.c.objc; path = CXMLNode_CreationExtensions.m; sourceTree = "<group>"; };
		391FCF9422CB046600921C1D /* CXMLDocument_CreationExtensions.m */ = {isa = PBXFileReference; fileEncoding = 4; lastKnownFileType = sourcecode.c.objc; path = CXMLDocument_CreationExtensions.m; sourceTree = "<group>"; };
		391FCF9622CB046600921C1D /* CTidy.h */ = {isa = PBXFileReference; fileEncoding = 4; lastKnownFileType = sourcecode.c.h; path = CTidy.h; sourceTree = "<group>"; };
		391FCF9722CB046600921C1D /* CTidy.m */ = {isa = PBXFileReference; fileEncoding = 4; lastKnownFileType = sourcecode.c.objc; path = CTidy.m; sourceTree = "<group>"; };
		391FCF9822CB046600921C1D /* CXMLDocument_PrivateExtensions.m */ = {isa = PBXFileReference; fileEncoding = 4; lastKnownFileType = sourcecode.c.objc; path = CXMLDocument_PrivateExtensions.m; sourceTree = "<group>"; };
		391FCF9922CB046600921C1D /* CXHTMLDocument.m */ = {isa = PBXFileReference; fileEncoding = 4; lastKnownFileType = sourcecode.c.objc; path = CXHTMLDocument.m; sourceTree = "<group>"; };
		391FCF9A22CB046600921C1D /* CXMLNode_PrivateExtensions.h */ = {isa = PBXFileReference; fileEncoding = 4; lastKnownFileType = sourcecode.c.h; path = CXMLNode_PrivateExtensions.h; sourceTree = "<group>"; };
		391FCF9B22CB046600921C1D /* CXMLElement_CreationExtensions.m */ = {isa = PBXFileReference; fileEncoding = 4; lastKnownFileType = sourcecode.c.objc; path = CXMLElement_CreationExtensions.m; sourceTree = "<group>"; };
		391FCF9C22CB046600921C1D /* CXMLElement.m */ = {isa = PBXFileReference; fileEncoding = 4; lastKnownFileType = sourcecode.c.objc; path = CXMLElement.m; sourceTree = "<group>"; };
		391FCF9D22CB046600921C1D /* CXMLElement_ElementTreeExtensions.h */ = {isa = PBXFileReference; fileEncoding = 4; lastKnownFileType = sourcecode.c.h; path = CXMLElement_ElementTreeExtensions.h; sourceTree = "<group>"; };
		391FCF9E22CB046600921C1D /* CXMLUnsupportedNode.h */ = {isa = PBXFileReference; fileEncoding = 4; lastKnownFileType = sourcecode.c.h; path = CXMLUnsupportedNode.h; sourceTree = "<group>"; };
		391FCF9F22CB046600921C1D /* GTMDefines.h */ = {isa = PBXFileReference; fileEncoding = 4; lastKnownFileType = sourcecode.c.h; path = GTMDefines.h; sourceTree = "<group>"; };
		391FCFA022CB046600921C1D /* NSString+HTML.m */ = {isa = PBXFileReference; fileEncoding = 4; lastKnownFileType = sourcecode.c.objc; path = "NSString+HTML.m"; sourceTree = "<group>"; };
		391FCFA122CB046600921C1D /* UIImage+ImageEffects.m */ = {isa = PBXFileReference; fileEncoding = 4; lastKnownFileType = sourcecode.c.objc; path = "UIImage+ImageEffects.m"; sourceTree = "<group>"; };
		391FCFA222CB046600921C1D /* UIView+XDSHyperLink.m */ = {isa = PBXFileReference; fileEncoding = 4; lastKnownFileType = sourcecode.c.objc; path = "UIView+XDSHyperLink.m"; sourceTree = "<group>"; };
		391FCFA322CB046600921C1D /* GTMNSString+HTML.m */ = {isa = PBXFileReference; fileEncoding = 4; lastKnownFileType = sourcecode.c.objc; path = "GTMNSString+HTML.m"; sourceTree = "<group>"; };
		391FCFA522CB046600921C1D /* 妖神记.txt */ = {isa = PBXFileReference; fileEncoding = 4; lastKnownFileType = text; path = "妖神记.txt"; sourceTree = "<group>"; };
		391FCFA622CB046600921C1D /* zoubianzhongguo.epub */ = {isa = PBXFileReference; lastKnownFileType = file; path = zoubianzhongguo.epub; sourceTree = "<group>"; };
		391FCFA722CB046600921C1D /* mdjyml.txt */ = {isa = PBXFileReference; fileEncoding = 4; lastKnownFileType = text; path = mdjyml.txt; sourceTree = "<group>"; };
		391FCFA822CB046600921C1D /* 每天懂一点好玩心理学.epub */ = {isa = PBXFileReference; lastKnownFileType = file; path = "每天懂一点好玩心理学.epub"; sourceTree = "<group>"; };
		391FCFAB22CB046600921C1D /* XDSReadViewController.m */ = {isa = PBXFileReference; fileEncoding = 4; lastKnownFileType = sourcecode.c.objc; path = XDSReadViewController.m; sourceTree = "<group>"; };
		391FCFAC22CB046600921C1D /* XDSReadPageViewController.h */ = {isa = PBXFileReference; fileEncoding = 4; lastKnownFileType = sourcecode.c.h; path = XDSReadPageViewController.h; sourceTree = "<group>"; };
		391FCFAD22CB046600921C1D /* XDSPhotoBrowser.h */ = {isa = PBXFileReference; fileEncoding = 4; lastKnownFileType = sourcecode.c.h; path = XDSPhotoBrowser.h; sourceTree = "<group>"; };
		391FCFAE22CB046600921C1D /* XDSReadPageViewController.m */ = {isa = PBXFileReference; fileEncoding = 4; lastKnownFileType = sourcecode.c.objc; path = XDSReadPageViewController.m; sourceTree = "<group>"; };
		391FCFAF22CB046600921C1D /* XDSReadViewController.h */ = {isa = PBXFileReference; fileEncoding = 4; lastKnownFileType = sourcecode.c.h; path = XDSReadViewController.h; sourceTree = "<group>"; };
		391FCFB022CB046600921C1D /* XDSPhotoBrowser.m */ = {isa = PBXFileReference; fileEncoding = 4; lastKnownFileType = sourcecode.c.objc; path = XDSPhotoBrowser.m; sourceTree = "<group>"; };
		391FCFB222CB046600921C1D /* XDSReadMenu.m */ = {isa = PBXFileReference; fileEncoding = 4; lastKnownFileType = sourcecode.c.objc; path = XDSReadMenu.m; sourceTree = "<group>"; };
		391FCFB422CB046600921C1D /* XDSCatalogueViewController.h */ = {isa = PBXFileReference; fileEncoding = 4; lastKnownFileType = sourcecode.c.h; path = XDSCatalogueViewController.h; sourceTree = "<group>"; };
		391FCFB522CB046600921C1D /* XDSNoDataView.xib */ = {isa = PBXFileReference; fileEncoding = 4; lastKnownFileType = file.xib; path = XDSNoDataView.xib; sourceTree = "<group>"; };
		391FCFB622CB046600921C1D /* XDSCatalogueView.m */ = {isa = PBXFileReference; fileEncoding = 4; lastKnownFileType = sourcecode.c.objc; path = XDSCatalogueView.m; sourceTree = "<group>"; };
		391FCFB722CB046700921C1D /* XDSCatalogueTabBarController.h */ = {isa = PBXFileReference; fileEncoding = 4; lastKnownFileType = sourcecode.c.h; path = XDSCatalogueTabBarController.h; sourceTree = "<group>"; };
		391FCFB822CB046700921C1D /* XDSNoDataView.h */ = {isa = PBXFileReference; fileEncoding = 4; lastKnownFileType = sourcecode.c.h; path = XDSNoDataView.h; sourceTree = "<group>"; };
		391FCFB922CB046700921C1D /* XDSMarkViewController.h */ = {isa = PBXFileReference; fileEncoding = 4; lastKnownFileType = sourcecode.c.h; path = XDSMarkViewController.h; sourceTree = "<group>"; };
		391FCFBA22CB046700921C1D /* XDSNoteCell.h */ = {isa = PBXFileReference; fileEncoding = 4; lastKnownFileType = sourcecode.c.h; path = XDSNoteCell.h; sourceTree = "<group>"; };
		391FCFBB22CB046700921C1D /* XDSNoteViewController.h */ = {isa = PBXFileReference; fileEncoding = 4; lastKnownFileType = sourcecode.c.h; path = XDSNoteViewController.h; sourceTree = "<group>"; };
		391FCFBC22CB046700921C1D /* XDSCatalogueTabBarController.m */ = {isa = PBXFileReference; fileEncoding = 4; lastKnownFileType = sourcecode.c.objc; path = XDSCatalogueTabBarController.m; sourceTree = "<group>"; };
		391FCFBD22CB046700921C1D /* XDSCatalogueView.h */ = {isa = PBXFileReference; fileEncoding = 4; lastKnownFileType = sourcecode.c.h; path = XDSCatalogueView.h; sourceTree = "<group>"; };
		391FCFBE22CB046700921C1D /* XDSCatalogueViewController.m */ = {isa = PBXFileReference; fileEncoding = 4; lastKnownFileType = sourcecode.c.objc; path = XDSCatalogueViewController.m; sourceTree = "<group>"; };
		391FCFBF22CB046700921C1D /* XDSMarkViewController.m */ = {isa = PBXFileReference; fileEncoding = 4; lastKnownFileType = sourcecode.c.objc; path = XDSMarkViewController.m; sourceTree = "<group>"; };
		391FCFC022CB046700921C1D /* XDSNoDataView.m */ = {isa = PBXFileReference; fileEncoding = 4; lastKnownFileType = sourcecode.c.objc; path = XDSNoDataView.m; sourceTree = "<group>"; };
		391FCFC122CB046700921C1D /* XDSNoteViewController.m */ = {isa = PBXFileReference; fileEncoding = 4; lastKnownFileType = sourcecode.c.objc; path = XDSNoteViewController.m; sourceTree = "<group>"; };
		391FCFC222CB046700921C1D /* XDSNoteCell.m */ = {isa = PBXFileReference; fileEncoding = 4; lastKnownFileType = sourcecode.c.objc; path = XDSNoteCell.m; sourceTree = "<group>"; };
		391FCFC322CB046700921C1D /* XDSReadSettingView.m */ = {isa = PBXFileReference; fileEncoding = 4; lastKnownFileType = sourcecode.c.objc; path = XDSReadSettingView.m; sourceTree = "<group>"; };
		391FCFC422CB046700921C1D /* XDSReadRootView.m */ = {isa = PBXFileReference; fileEncoding = 4; lastKnownFileType = sourcecode.c.objc; path = XDSReadRootView.m; sourceTree = "<group>"; };
		391FCFC522CB046700921C1D /* XDSMenuTopView.m */ = {isa = PBXFileReference; fileEncoding = 4; lastKnownFileType = sourcecode.c.objc; path = XDSMenuTopView.m; sourceTree = "<group>"; };
		391FCFC622CB046700921C1D /* XDSHaloButton.h */ = {isa = PBXFileReference; fileEncoding = 4; lastKnownFileType = sourcecode.c.h; path = XDSHaloButton.h; sourceTree = "<group>"; };
		391FCFC722CB046700921C1D /* XDSReadViewConst.m */ = {isa = PBXFileReference; fileEncoding = 4; lastKnownFileType = sourcecode.c.objc; path = XDSReadViewConst.m; sourceTree = "<group>"; };
		391FCFC822CB046700921C1D /* XDSMenuBottomView.m */ = {isa = PBXFileReference; fileEncoding = 4; lastKnownFileType = sourcecode.c.objc; path = XDSMenuBottomView.m; sourceTree = "<group>"; };
		391FCFC922CB046700921C1D /* XDSReadMenu.xcassets */ = {isa = PBXFileReference; lastKnownFileType = folder.assetcatalog; path = XDSReadMenu.xcassets; sourceTree = "<group>"; };
		391FCFCA22CB046700921C1D /* XDSLightView.m */ = {isa = PBXFileReference; fileEncoding = 4; lastKnownFileType = sourcecode.c.objc; path = XDSLightView.m; sourceTree = "<group>"; };
		391FCFCC22CB046700921C1D /* UIView+YGPulseView.m */ = {isa = PBXFileReference; fileEncoding = 4; lastKnownFileType = sourcecode.c.objc; path = "UIView+YGPulseView.m"; sourceTree = "<group>"; };
		391FCFCD22CB046700921C1D /* UIView+YGPulseView.h */ = {isa = PBXFileReference; fileEncoding = 4; lastKnownFileType = sourcecode.c.h; path = "UIView+YGPulseView.h"; sourceTree = "<group>"; };
		391FCFCE22CB046700921C1D /* XDSReadRootView.h */ = {isa = PBXFileReference; fileEncoding = 4; lastKnownFileType = sourcecode.c.h; path = XDSReadRootView.h; sourceTree = "<group>"; };
		391FCFCF22CB046700921C1D /* XDSReadSettingView.h */ = {isa = PBXFileReference; fileEncoding = 4; lastKnownFileType = sourcecode.c.h; path = XDSReadSettingView.h; sourceTree = "<group>"; };
		391FCFD022CB046700921C1D /* XDSReadMenu.h */ = {isa = PBXFileReference; fileEncoding = 4; lastKnownFileType = sourcecode.c.h; path = XDSReadMenu.h; sourceTree = "<group>"; };
		391FCFD122CB046700921C1D /* XDSReadViewConst.h */ = {isa = PBXFileReference; fileEncoding = 4; lastKnownFileType = sourcecode.c.h; path = XDSReadViewConst.h; sourceTree = "<group>"; };
		391FCFD222CB046700921C1D /* XDSHaloButton.m */ = {isa = PBXFileReference; fileEncoding = 4; lastKnownFileType = sourcecode.c.objc; path = XDSHaloButton.m; sourceTree = "<group>"; };
		391FCFD322CB046700921C1D /* XDSMenuTopView.h */ = {isa = PBXFileReference; fileEncoding = 4; lastKnownFileType = sourcecode.c.h; path = XDSMenuTopView.h; sourceTree = "<group>"; };
		391FCFD422CB046700921C1D /* XDSMenuBottomView.h */ = {isa = PBXFileReference; fileEncoding = 4; lastKnownFileType = sourcecode.c.h; path = XDSMenuBottomView.h; sourceTree = "<group>"; };
		391FCFD522CB046700921C1D /* XDSLightView.h */ = {isa = PBXFileReference; fileEncoding = 4; lastKnownFileType = sourcecode.c.h; path = XDSLightView.h; sourceTree = "<group>"; };
		391FD01322CB04AD00921C1D /* PrefixHeader.pch */ = {isa = PBXFileReference; lastKnownFileType = sourcecode.c.h; path = PrefixHeader.pch; sourceTree = "<group>"; };
		391FD01422CB06DF00921C1D /* libz.tbd */ = {isa = PBXFileReference; lastKnownFileType = "sourcecode.text-based-dylib-definition"; name = libz.tbd; path = usr/lib/libz.tbd; sourceTree = SDKROOT; };
		AAF866897AF26BAA19C82DB2 /* Pods-ZCYReader.debug.xcconfig */ = {isa = PBXFileReference; includeInIndex = 1; lastKnownFileType = text.xcconfig; name = "Pods-ZCYReader.debug.xcconfig"; path = "Pods/Target Support Files/Pods-ZCYReader/Pods-ZCYReader.debug.xcconfig"; sourceTree = "<group>"; };
/* End PBXFileReference section */

/* Begin PBXFrameworksBuildPhase section */
		391FCF1B22CAF51C00921C1D /* Frameworks */ = {
			isa = PBXFrameworksBuildPhase;
			buildActionMask = 2147483647;
			files = (
				391FD01522CB06DF00921C1D /* libz.tbd in Frameworks */,
				347384B05913C5C37AA7AE52 /* libPods-ZCYReader.a in Frameworks */,
			);
			runOnlyForDeploymentPostprocessing = 0;
		};
		391FCF3322CAF51E00921C1D /* Frameworks */ = {
			isa = PBXFrameworksBuildPhase;
			buildActionMask = 2147483647;
			files = (
			);
			runOnlyForDeploymentPostprocessing = 0;
		};
		391FCF3E22CAF51E00921C1D /* Frameworks */ = {
			isa = PBXFrameworksBuildPhase;
			buildActionMask = 2147483647;
			files = (
			);
			runOnlyForDeploymentPostprocessing = 0;
		};
/* End PBXFrameworksBuildPhase section */

/* Begin PBXGroup section */
		1EEA4F6E122963ABE61AD354 /* Pods */ = {
			isa = PBXGroup;
			children = (
				AAF866897AF26BAA19C82DB2 /* Pods-ZCYReader.debug.xcconfig */,
				25C12DF7731CCD624E941004 /* Pods-ZCYReader.release.xcconfig */,
			);
			name = Pods;
			sourceTree = "<group>";
		};
		391FCF1522CAF51C00921C1D = {
			isa = PBXGroup;
			children = (
				391FCF2022CAF51C00921C1D /* ZCYReader */,
				391FCF3922CAF51E00921C1D /* ZCYReaderTests */,
				391FCF4422CAF51E00921C1D /* ZCYReaderUITests */,
				391FCF1F22CAF51C00921C1D /* Products */,
				1EEA4F6E122963ABE61AD354 /* Pods */,
				9819487C537D02996F56CBE5 /* Frameworks */,
			);
			sourceTree = "<group>";
		};
		391FCF1F22CAF51C00921C1D /* Products */ = {
			isa = PBXGroup;
			children = (
				391FCF1E22CAF51C00921C1D /* ZCYReader.app */,
				391FCF3622CAF51E00921C1D /* ZCYReaderTests.xctest */,
				391FCF4122CAF51E00921C1D /* ZCYReaderUITests.xctest */,
			);
			name = Products;
			sourceTree = "<group>";
		};
		391FCF2022CAF51C00921C1D /* ZCYReader */ = {
			isa = PBXGroup;
			children = (
				391FCF2122CAF51C00921C1D /* AppDelegate.h */,
				391FCF2222CAF51C00921C1D /* AppDelegate.m */,
				391FCF2422CAF51C00921C1D /* ViewController.h */,
				391FCF2522CAF51C00921C1D /* ViewController.m */,
				391FD01322CB04AD00921C1D /* PrefixHeader.pch */,
				391FCF5322CB044200921C1D /* Reader */,
				391FCF2722CAF51C00921C1D /* Main.storyboard */,
				391FCF2A22CAF51E00921C1D /* Assets.xcassets */,
				391FCF2C22CAF51E00921C1D /* LaunchScreen.storyboard */,
				391FCF2F22CAF51E00921C1D /* Info.plist */,
				391FCF3022CAF51E00921C1D /* main.m */,
			);
			path = ZCYReader;
			sourceTree = "<group>";
		};
		391FCF3922CAF51E00921C1D /* ZCYReaderTests */ = {
			isa = PBXGroup;
			children = (
				391FCF3A22CAF51E00921C1D /* ZCYReaderTests.m */,
				391FCF3C22CAF51E00921C1D /* Info.plist */,
			);
			path = ZCYReaderTests;
			sourceTree = "<group>";
		};
		391FCF4422CAF51E00921C1D /* ZCYReaderUITests */ = {
			isa = PBXGroup;
			children = (
				391FCF4522CAF51E00921C1D /* ZCYReaderUITests.m */,
				391FCF4722CAF51E00921C1D /* Info.plist */,
			);
			path = ZCYReaderUITests;
			sourceTree = "<group>";
		};
		391FCF5322CB044200921C1D /* Reader */ = {
			isa = PBXGroup;
			children = (
				391FCF5422CB046600921C1D /* 华文字体 */,
				391FCF5922CB046600921C1D /* XDSReaderKit */,
				391FCFB122CB046600921C1D /* XDSReadMenu */,
			);
			path = Reader;
			sourceTree = "<group>";
		};
		391FCF5422CB046600921C1D /* 华文字体 */ = {
			isa = PBXGroup;
			children = (
				391FCF5522CB046600921C1D /* 华文新魏.ttf */,
				391FCF5622CB046600921C1D /* 华文行楷.ttf */,
				391FCF5722CB046600921C1D /* 华文彩云.ttf */,
				391FCF5822CB046600921C1D /* 华文琥珀.ttf */,
			);
			path = "华文字体";
			sourceTree = "<group>";
		};
		391FCF5922CB046600921C1D /* XDSReaderKit */ = {
			isa = PBXGroup;
			children = (
				391FCF7922CB046600921C1D /* XDSReaderHeader.h */,
				391FCF5A22CB046600921C1D /* Core */,
				391FCF6122CB046600921C1D /* Util */,
				391FCF6722CB046600921C1D /* Model */,
				391FCF7222CB046600921C1D /* View */,
				391FCF7A22CB046600921C1D /* External */,
				391FCFA422CB046600921C1D /* Resource */,
				391FCFAA22CB046600921C1D /* ViewController */,
			);
			path = XDSReaderKit;
			sourceTree = "<group>";
		};
		391FCF5A22CB046600921C1D /* Core */ = {
			isa = PBXGroup;
			children = (
				391FCF5E22CB046600921C1D /* XDSReadConfig.h */,
				391FCF5D22CB046600921C1D /* XDSReadConfig.m */,
				391FCF5F22CB046600921C1D /* XDSReadManager.h */,
				391FCF5C22CB046600921C1D /* XDSReadManager.m */,
				391FCF5B22CB046600921C1D /* XDSReadOperation.h */,
				391FCF6022CB046600921C1D /* XDSReadOperation.m */,
			);
			path = Core;
			sourceTree = "<group>";
		};
		391FCF6122CB046600921C1D /* Util */ = {
			isa = PBXGroup;
			children = (
				391FCF6222CB046600921C1D /* XDSReaderDelegate.h */,
				391FCF6322CB046600921C1D /* XDSReaderGlobleConst.h */,
				391FCF6522CB046600921C1D /* XDSReaderGlobleConst.m */,
				391FCF6622CB046600921C1D /* XDSReaderUtil.h */,
				391FCF6422CB046600921C1D /* XDSReaderUtil.m */,
			);
			path = Util;
			sourceTree = "<group>";
		};
		391FCF6722CB046600921C1D /* Model */ = {
			isa = PBXGroup;
			children = (
				391FCF6C22CB046600921C1D /* XDSBookModel.h */,
				391FCF7122CB046600921C1D /* XDSBookModel.m */,
				391FCF6E22CB046600921C1D /* XDSChapterModel.h */,
				391FCF6A22CB046600921C1D /* XDSChapterModel.m */,
				391FCF6B22CB046600921C1D /* XDSMarkModel.h */,
				391FCF6F22CB046600921C1D /* XDSMarkModel.m */,
				391FCF7022CB046600921C1D /* XDSNoteModel.h */,
				391FCF6922CB046600921C1D /* XDSNoteModel.m */,
				391FCF6D22CB046600921C1D /* XDSRecordModel.h */,
				391FCF6822CB046600921C1D /* XDSRecordModel.m */,
			);
			path = Model;
			sourceTree = "<group>";
		};
		391FCF7222CB046600921C1D /* View */ = {
			isa = PBXGroup;
			children = (
				391FCF7622CB046600921C1D /* UIControl+XDSHyperLink.h */,
				391FCF7522CB046600921C1D /* UIControl+XDSHyperLink.m */,
				391FCF7822CB046600921C1D /* XDSMagnifierView.h */,
				391FCF7322CB046600921C1D /* XDSMagnifierView.m */,
				391FCF7422CB046600921C1D /* XDSReadView.h */,
				391FCF7722CB046600921C1D /* XDSReadView.m */,
			);
			path = View;
			sourceTree = "<group>";
		};
		391FCF7A22CB046600921C1D /* External */ = {
			isa = PBXGroup;
			children = (
				391FCF9F22CB046600921C1D /* GTMDefines.h */,
				391FCF7D22CB046600921C1D /* GTMNSString+HTML.h */,
				391FCFA322CB046600921C1D /* GTMNSString+HTML.m */,
				391FCF7C22CB046600921C1D /* NSString+HTML.h */,
				391FCFA022CB046600921C1D /* NSString+HTML.m */,
				391FCF7F22CB046600921C1D /* TouchXML */,
				391FCF7B22CB046600921C1D /* UIImage+ImageEffects.h */,
				391FCFA122CB046600921C1D /* UIImage+ImageEffects.m */,
				391FCF7E22CB046600921C1D /* UIView+XDSHyperLink.h */,
				391FCFA222CB046600921C1D /* UIView+XDSHyperLink.m */,
			);
			path = External;
			sourceTree = "<group>";
		};
		391FCF7F22CB046600921C1D /* TouchXML */ = {
			isa = PBXGroup;
			children = (
				391FCF8022CB046600921C1D /* CXMLDocument.m */,
				391FCF8122CB046600921C1D /* CXMLNode.m */,
				391FCF8222CB046600921C1D /* CXMLNamespaceNode.m */,
				391FCF8322CB046600921C1D /* CXMLNode_XPathExtensions.m */,
				391FCF8422CB046600921C1D /* CXMLElement_CreationExtensions.h */,
				391FCF8522CB046600921C1D /* CXMLNode_PrivateExtensions.m */,
				391FCF8622CB046600921C1D /* CXHTMLDocument.h */,
				391FCF8722CB046600921C1D /* CXMLDocument_PrivateExtensions.h */,
				391FCF8822CB046600921C1D /* CXMLUnsupportedNode.m */,
				391FCF8922CB046600921C1D /* CXMLElement_ElementTreeExtensions.m */,
				391FCF8A22CB046600921C1D /* CXMLElement.h */,
				391FCF8B22CB046600921C1D /* TouchXML.h */,
				391FCF8C22CB046600921C1D /* CXMLNamespaceNode.h */,
				391FCF8D22CB046600921C1D /* CXMLNode_XPathExtensions.h */,
				391FCF8E22CB046600921C1D /* CXMLNode.h */,
				391FCF8F22CB046600921C1D /* CXMLDocument.h */,
				391FCF9022CB046600921C1D /* Creation */,
				391FCF9522CB046600921C1D /* Tidy */,
				391FCF9822CB046600921C1D /* CXMLDocument_PrivateExtensions.m */,
				391FCF9922CB046600921C1D /* CXHTMLDocument.m */,
				391FCF9A22CB046600921C1D /* CXMLNode_PrivateExtensions.h */,
				391FCF9B22CB046600921C1D /* CXMLElement_CreationExtensions.m */,
				391FCF9C22CB046600921C1D /* CXMLElement.m */,
				391FCF9D22CB046600921C1D /* CXMLElement_ElementTreeExtensions.h */,
				391FCF9E22CB046600921C1D /* CXMLUnsupportedNode.h */,
			);
			path = TouchXML;
			sourceTree = "<group>";
		};
		391FCF9022CB046600921C1D /* Creation */ = {
			isa = PBXGroup;
			children = (
				391FCF9122CB046600921C1D /* CXMLNode_CreationExtensions.h */,
				391FCF9222CB046600921C1D /* CXMLDocument_CreationExtensions.h */,
				391FCF9322CB046600921C1D /* CXMLNode_CreationExtensions.m */,
				391FCF9422CB046600921C1D /* CXMLDocument_CreationExtensions.m */,
			);
			path = Creation;
			sourceTree = "<group>";
		};
		391FCF9522CB046600921C1D /* Tidy */ = {
			isa = PBXGroup;
			children = (
				391FCF9622CB046600921C1D /* CTidy.h */,
				391FCF9722CB046600921C1D /* CTidy.m */,
			);
			path = Tidy;
			sourceTree = "<group>";
		};
		391FCFA422CB046600921C1D /* Resource */ = {
			isa = PBXGroup;
			children = (
				391FCFA522CB046600921C1D /* 妖神记.txt */,
				391FCFA622CB046600921C1D /* zoubianzhongguo.epub */,
				391FCFA722CB046600921C1D /* mdjyml.txt */,
				391FCFA822CB046600921C1D /* 每天懂一点好玩心理学.epub */,
			);
			path = Resource;
			sourceTree = "<group>";
		};
		391FCFAA22CB046600921C1D /* ViewController */ = {
			isa = PBXGroup;
			children = (
				391FCFAD22CB046600921C1D /* XDSPhotoBrowser.h */,
				391FCFB022CB046600921C1D /* XDSPhotoBrowser.m */,
				391FCFAC22CB046600921C1D /* XDSReadPageViewController.h */,
				391FCFAE22CB046600921C1D /* XDSReadPageViewController.m */,
				391FCFAF22CB046600921C1D /* XDSReadViewController.h */,
				391FCFAB22CB046600921C1D /* XDSReadViewController.m */,
			);
			path = ViewController;
			sourceTree = "<group>";
		};
		391FCFB122CB046600921C1D /* XDSReadMenu */ = {
			isa = PBXGroup;
			children = (
				391FCFB322CB046600921C1D /* Catologue */,
				391FCFC622CB046700921C1D /* XDSHaloButton.h */,
				391FCFD222CB046700921C1D /* XDSHaloButton.m */,
				391FCFD522CB046700921C1D /* XDSLightView.h */,
				391FCFCA22CB046700921C1D /* XDSLightView.m */,
				391FCFD422CB046700921C1D /* XDSMenuBottomView.h */,
				391FCFC822CB046700921C1D /* XDSMenuBottomView.m */,
				391FCFD322CB046700921C1D /* XDSMenuTopView.h */,
				391FCFC522CB046700921C1D /* XDSMenuTopView.m */,
				391FCFD022CB046700921C1D /* XDSReadMenu.h */,
				391FCFB222CB046600921C1D /* XDSReadMenu.m */,
				391FCFC922CB046700921C1D /* XDSReadMenu.xcassets */,
				391FCFCE22CB046700921C1D /* XDSReadRootView.h */,
				391FCFC422CB046700921C1D /* XDSReadRootView.m */,
				391FCFCF22CB046700921C1D /* XDSReadSettingView.h */,
				391FCFC322CB046700921C1D /* XDSReadSettingView.m */,
				391FCFD122CB046700921C1D /* XDSReadViewConst.h */,
				391FCFC722CB046700921C1D /* XDSReadViewConst.m */,
				391FCFCB22CB046700921C1D /* YGPulseView */,
			);
			path = XDSReadMenu;
			sourceTree = "<group>";
		};
		391FCFB322CB046600921C1D /* Catologue */ = {
			isa = PBXGroup;
			children = (
				391FCFB422CB046600921C1D /* XDSCatalogueViewController.h */,
				391FCFB522CB046600921C1D /* XDSNoDataView.xib */,
				391FCFB622CB046600921C1D /* XDSCatalogueView.m */,
				391FCFB722CB046700921C1D /* XDSCatalogueTabBarController.h */,
				391FCFB822CB046700921C1D /* XDSNoDataView.h */,
				391FCFB922CB046700921C1D /* XDSMarkViewController.h */,
				391FCFBA22CB046700921C1D /* XDSNoteCell.h */,
				391FCFBB22CB046700921C1D /* XDSNoteViewController.h */,
				391FCFBC22CB046700921C1D /* XDSCatalogueTabBarController.m */,
				391FCFBD22CB046700921C1D /* XDSCatalogueView.h */,
				391FCFBE22CB046700921C1D /* XDSCatalogueViewController.m */,
				391FCFBF22CB046700921C1D /* XDSMarkViewController.m */,
				391FCFC022CB046700921C1D /* XDSNoDataView.m */,
				391FCFC122CB046700921C1D /* XDSNoteViewController.m */,
				391FCFC222CB046700921C1D /* XDSNoteCell.m */,
			);
			path = Catologue;
			sourceTree = "<group>";
		};
		391FCFCB22CB046700921C1D /* YGPulseView */ = {
			isa = PBXGroup;
			children = (
				391FCFCC22CB046700921C1D /* UIView+YGPulseView.m */,
				391FCFCD22CB046700921C1D /* UIView+YGPulseView.h */,
			);
			path = YGPulseView;
			sourceTree = "<group>";
		};
		9819487C537D02996F56CBE5 /* Frameworks */ = {
			isa = PBXGroup;
			children = (
				391FD01422CB06DF00921C1D /* libz.tbd */,
				140B140932F1B841A07D70CA /* libPods-ZCYReader.a */,
			);
			name = Frameworks;
			sourceTree = "<group>";
		};
/* End PBXGroup section */

/* Begin PBXNativeTarget section */
		391FCF1D22CAF51C00921C1D /* ZCYReader */ = {
			isa = PBXNativeTarget;
			buildConfigurationList = 391FCF4A22CAF51E00921C1D /* Build configuration list for PBXNativeTarget "ZCYReader" */;
			buildPhases = (
				E12AFDC70FF4D8CEB09EA47F /* [CP] Check Pods Manifest.lock */,
				391FCF1A22CAF51C00921C1D /* Sources */,
				391FCF1B22CAF51C00921C1D /* Frameworks */,
				391FCF1C22CAF51C00921C1D /* Resources */,
				2BC92A5F85241759DE7B43F7 /* [CP] Embed Pods Frameworks */,
				D63076FD9B6C5FCCBAD8F297 /* [CP] Copy Pods Resources */,
			);
			buildRules = (
			);
			dependencies = (
			);
			name = ZCYReader;
			productName = ZCYReader;
			productReference = 391FCF1E22CAF51C00921C1D /* ZCYReader.app */;
			productType = "com.apple.product-type.application";
		};
		391FCF3522CAF51E00921C1D /* ZCYReaderTests */ = {
			isa = PBXNativeTarget;
			buildConfigurationList = 391FCF4D22CAF51E00921C1D /* Build configuration list for PBXNativeTarget "ZCYReaderTests" */;
			buildPhases = (
				391FCF3222CAF51E00921C1D /* Sources */,
				391FCF3322CAF51E00921C1D /* Frameworks */,
				391FCF3422CAF51E00921C1D /* Resources */,
			);
			buildRules = (
			);
			dependencies = (
				391FCF3822CAF51E00921C1D /* PBXTargetDependency */,
			);
			name = ZCYReaderTests;
			productName = ZCYReaderTests;
			productReference = 391FCF3622CAF51E00921C1D /* ZCYReaderTests.xctest */;
			productType = "com.apple.product-type.bundle.unit-test";
		};
		391FCF4022CAF51E00921C1D /* ZCYReaderUITests */ = {
			isa = PBXNativeTarget;
			buildConfigurationList = 391FCF5022CAF51E00921C1D /* Build configuration list for PBXNativeTarget "ZCYReaderUITests" */;
			buildPhases = (
				391FCF3D22CAF51E00921C1D /* Sources */,
				391FCF3E22CAF51E00921C1D /* Frameworks */,
				391FCF3F22CAF51E00921C1D /* Resources */,
			);
			buildRules = (
			);
			dependencies = (
				391FCF4322CAF51E00921C1D /* PBXTargetDependency */,
			);
			name = ZCYReaderUITests;
			productName = ZCYReaderUITests;
			productReference = 391FCF4122CAF51E00921C1D /* ZCYReaderUITests.xctest */;
			productType = "com.apple.product-type.bundle.ui-testing";
		};
/* End PBXNativeTarget section */

/* Begin PBXProject section */
		391FCF1622CAF51C00921C1D /* Project object */ = {
			isa = PBXProject;
			attributes = {
				LastUpgradeCheck = 1020;
				ORGANIZATIONNAME = zhao;
				TargetAttributes = {
					391FCF1D22CAF51C00921C1D = {
						CreatedOnToolsVersion = 10.2;
					};
					391FCF3522CAF51E00921C1D = {
						CreatedOnToolsVersion = 10.2;
						TestTargetID = 391FCF1D22CAF51C00921C1D;
					};
					391FCF4022CAF51E00921C1D = {
						CreatedOnToolsVersion = 10.2;
						TestTargetID = 391FCF1D22CAF51C00921C1D;
					};
				};
			};
			buildConfigurationList = 391FCF1922CAF51C00921C1D /* Build configuration list for PBXProject "ZCYReader" */;
			compatibilityVersion = "Xcode 9.3";
			developmentRegion = en;
			hasScannedForEncodings = 0;
			knownRegions = (
				en,
				Base,
			);
			mainGroup = 391FCF1522CAF51C00921C1D;
			productRefGroup = 391FCF1F22CAF51C00921C1D /* Products */;
			projectDirPath = "";
			projectRoot = "";
			targets = (
				391FCF1D22CAF51C00921C1D /* ZCYReader */,
				391FCF3522CAF51E00921C1D /* ZCYReaderTests */,
				391FCF4022CAF51E00921C1D /* ZCYReaderUITests */,
			);
		};
/* End PBXProject section */

/* Begin PBXResourcesBuildPhase section */
		391FCF1C22CAF51C00921C1D /* Resources */ = {
			isa = PBXResourcesBuildPhase;
			buildActionMask = 2147483647;
			files = (
				391FCFFA22CB046700921C1D /* zoubianzhongguo.epub in Resources */,
				391FCFD622CB046700921C1D /* 华文新魏.ttf in Resources */,
				391FCFF922CB046700921C1D /* 妖神记.txt in Resources */,
				391FD00F22CB046700921C1D /* XDSReadMenu.xcassets in Resources */,
				391FCFFC22CB046700921C1D /* 每天懂一点好玩心理学.epub in Resources */,
				391FCFD822CB046700921C1D /* 华文彩云.ttf in Resources */,
				391FCF2E22CAF51E00921C1D /* LaunchScreen.storyboard in Resources */,
				391FCFD922CB046700921C1D /* 华文琥珀.ttf in Resources */,
				391FD00222CB046700921C1D /* XDSNoDataView.xib in Resources */,
				391FCF2B22CAF51E00921C1D /* Assets.xcassets in Resources */,
				391FCFFB22CB046700921C1D /* mdjyml.txt in Resources */,
				391FCF2922CAF51C00921C1D /* Main.storyboard in Resources */,
				391FCFD722CB046700921C1D /* 华文行楷.ttf in Resources */,
			);
			runOnlyForDeploymentPostprocessing = 0;
		};
		391FCF3422CAF51E00921C1D /* Resources */ = {
			isa = PBXResourcesBuildPhase;
			buildActionMask = 2147483647;
			files = (
			);
			runOnlyForDeploymentPostprocessing = 0;
		};
		391FCF3F22CAF51E00921C1D /* Resources */ = {
			isa = PBXResourcesBuildPhase;
			buildActionMask = 2147483647;
			files = (
			);
			runOnlyForDeploymentPostprocessing = 0;
		};
/* End PBXResourcesBuildPhase section */

/* Begin PBXShellScriptBuildPhase section */
		2BC92A5F85241759DE7B43F7 /* [CP] Embed Pods Frameworks */ = {
			isa = PBXShellScriptBuildPhase;
			buildActionMask = 2147483647;
			files = (
			);
			inputPaths = (
			);
			name = "[CP] Embed Pods Frameworks";
			outputPaths = (
			);
			runOnlyForDeploymentPostprocessing = 0;
			shellPath = /bin/sh;
			shellScript = "\"${SRCROOT}/Pods/Target Support Files/Pods-ZCYReader/Pods-ZCYReader-frameworks.sh\"\n";
			showEnvVarsInLog = 0;
		};
		D63076FD9B6C5FCCBAD8F297 /* [CP] Copy Pods Resources */ = {
			isa = PBXShellScriptBuildPhase;
			buildActionMask = 2147483647;
			files = (
			);
			inputPaths = (
			);
			name = "[CP] Copy Pods Resources";
			outputPaths = (
			);
			runOnlyForDeploymentPostprocessing = 0;
			shellPath = /bin/sh;
			shellScript = "\"${SRCROOT}/Pods/Target Support Files/Pods-ZCYReader/Pods-ZCYReader-resources.sh\"\n";
			showEnvVarsInLog = 0;
		};
		E12AFDC70FF4D8CEB09EA47F /* [CP] Check Pods Manifest.lock */ = {
			isa = PBXShellScriptBuildPhase;
			buildActionMask = 2147483647;
			files = (
			);
			inputPaths = (
			);
			name = "[CP] Check Pods Manifest.lock";
			outputPaths = (
			);
			runOnlyForDeploymentPostprocessing = 0;
			shellPath = /bin/sh;
			shellScript = "diff \"${PODS_ROOT}/../Podfile.lock\" \"${PODS_ROOT}/Manifest.lock\" > /dev/null\nif [ $? != 0 ] ; then\n    # print error to STDERR\n    echo \"error: The sandbox is not in sync with the Podfile.lock. Run 'pod install' or update your CocoaPods installation.\" >&2\n    exit 1\nfi\n";
			showEnvVarsInLog = 0;
		};
/* End PBXShellScriptBuildPhase section */

/* Begin PBXSourcesBuildPhase section */
		391FCF1A22CAF51C00921C1D /* Sources */ = {
			isa = PBXSourcesBuildPhase;
			buildActionMask = 2147483647;
			files = (
				391FCFF622CB046700921C1D /* UIImage+ImageEffects.m in Sources */,
				391FCFE322CB046700921C1D /* XDSBookModel.m in Sources */,
				391FD00322CB046700921C1D /* XDSCatalogueView.m in Sources */,
				391FCFE222CB046700921C1D /* XDSMarkModel.m in Sources */,
				391FD00E22CB046700921C1D /* XDSMenuBottomView.m in Sources */,
				391FCF2622CAF51C00921C1D /* ViewController.m in Sources */,
				391FCFEA22CB046700921C1D /* CXMLNode_XPathExtensions.m in Sources */,
				391FCFE522CB046700921C1D /* UIControl+XDSHyperLink.m in Sources */,
				391FD00722CB046700921C1D /* XDSNoDataView.m in Sources */,
				391FCFFE22CB046700921C1D /* XDSReadViewController.m in Sources */,
				391FCFDC22CB046700921C1D /* XDSReadOperation.m in Sources */,
				391FCFF822CB046700921C1D /* GTMNSString+HTML.m in Sources */,
				391FCFF422CB046700921C1D /* CXMLElement.m in Sources */,
				391FCFE822CB046700921C1D /* CXMLNode.m in Sources */,
				391FD00C22CB046700921C1D /* XDSMenuTopView.m in Sources */,
				391FCFDA22CB046700921C1D /* XDSReadManager.m in Sources */,
				391FD00822CB046700921C1D /* XDSNoteViewController.m in Sources */,
				391FCFF722CB046700921C1D /* UIView+XDSHyperLink.m in Sources */,
				391FCFE922CB046700921C1D /* CXMLNamespaceNode.m in Sources */,
				391FD00122CB046700921C1D /* XDSReadMenu.m in Sources */,
				391FCFF022CB046700921C1D /* CTidy.m in Sources */,
				391FCFF522CB046700921C1D /* NSString+HTML.m in Sources */,
				391FCFEB22CB046700921C1D /* CXMLNode_PrivateExtensions.m in Sources */,
				391FD01122CB046700921C1D /* UIView+YGPulseView.m in Sources */,
				391FCFE422CB046700921C1D /* XDSMagnifierView.m in Sources */,
				391FCFDF22CB046700921C1D /* XDSRecordModel.m in Sources */,
				391FD00D22CB046700921C1D /* XDSReadViewConst.m in Sources */,
				391FD00522CB046700921C1D /* XDSCatalogueViewController.m in Sources */,
				391FCFF122CB046700921C1D /* CXMLDocument_PrivateExtensions.m in Sources */,
				391FCFF322CB046700921C1D /* CXMLElement_CreationExtensions.m in Sources */,
				391FCFFF22CB046700921C1D /* XDSReadPageViewController.m in Sources */,
				391FCFE722CB046700921C1D /* CXMLDocument.m in Sources */,
				391FCFED22CB046700921C1D /* CXMLElement_ElementTreeExtensions.m in Sources */,
				391FCFEE22CB046700921C1D /* CXMLNode_CreationExtensions.m in Sources */,
				391FCFDB22CB046700921C1D /* XDSReadConfig.m in Sources */,
				391FCFEF22CB046700921C1D /* CXMLDocument_CreationExtensions.m in Sources */,
				391FD00422CB046700921C1D /* XDSCatalogueTabBarController.m in Sources */,
				391FCFDD22CB046700921C1D /* XDSReaderUtil.m in Sources */,
				391FCFEC22CB046700921C1D /* CXMLUnsupportedNode.m in Sources */,
				391FCF3122CAF51E00921C1D /* main.m in Sources */,
				391FCFE022CB046700921C1D /* XDSNoteModel.m in Sources */,
				391FD00B22CB046700921C1D /* XDSReadRootView.m in Sources */,
				391FD00622CB046700921C1D /* XDSMarkViewController.m in Sources */,
				391FCF2322CAF51C00921C1D /* AppDelegate.m in Sources */,
				391FD00922CB046700921C1D /* XDSNoteCell.m in Sources */,
				391FCFE122CB046700921C1D /* XDSChapterModel.m in Sources */,
				391FD00A22CB046700921C1D /* XDSReadSettingView.m in Sources */,
				391FCFE622CB046700921C1D /* XDSReadView.m in Sources */,
				391FCFF222CB046700921C1D /* CXHTMLDocument.m in Sources */,
				391FD00022CB046700921C1D /* XDSPhotoBrowser.m in Sources */,
				391FD01022CB046700921C1D /* XDSLightView.m in Sources */,
				391FCFDE22CB046700921C1D /* XDSReaderGlobleConst.m in Sources */,
				391FD01222CB046700921C1D /* XDSHaloButton.m in Sources */,
			);
			runOnlyForDeploymentPostprocessing = 0;
		};
		391FCF3222CAF51E00921C1D /* Sources */ = {
			isa = PBXSourcesBuildPhase;
			buildActionMask = 2147483647;
			files = (
				391FCF3B22CAF51E00921C1D /* ZCYReaderTests.m in Sources */,
			);
			runOnlyForDeploymentPostprocessing = 0;
		};
		391FCF3D22CAF51E00921C1D /* Sources */ = {
			isa = PBXSourcesBuildPhase;
			buildActionMask = 2147483647;
			files = (
				391FCF4622CAF51E00921C1D /* ZCYReaderUITests.m in Sources */,
			);
			runOnlyForDeploymentPostprocessing = 0;
		};
/* End PBXSourcesBuildPhase section */

/* Begin PBXTargetDependency section */
		391FCF3822CAF51E00921C1D /* PBXTargetDependency */ = {
			isa = PBXTargetDependency;
			target = 391FCF1D22CAF51C00921C1D /* ZCYReader */;
			targetProxy = 391FCF3722CAF51E00921C1D /* PBXContainerItemProxy */;
		};
		391FCF4322CAF51E00921C1D /* PBXTargetDependency */ = {
			isa = PBXTargetDependency;
			target = 391FCF1D22CAF51C00921C1D /* ZCYReader */;
			targetProxy = 391FCF4222CAF51E00921C1D /* PBXContainerItemProxy */;
		};
/* End PBXTargetDependency section */

/* Begin PBXVariantGroup section */
		391FCF2722CAF51C00921C1D /* Main.storyboard */ = {
			isa = PBXVariantGroup;
			children = (
				391FCF2822CAF51C00921C1D /* Base */,
			);
			name = Main.storyboard;
			sourceTree = "<group>";
		};
		391FCF2C22CAF51E00921C1D /* LaunchScreen.storyboard */ = {
			isa = PBXVariantGroup;
			children = (
				391FCF2D22CAF51E00921C1D /* Base */,
			);
			name = LaunchScreen.storyboard;
			sourceTree = "<group>";
		};
/* End PBXVariantGroup section */

/* Begin XCBuildConfiguration section */
		391FCF4822CAF51E00921C1D /* Debug */ = {
			isa = XCBuildConfiguration;
			buildSettings = {
				ALWAYS_SEARCH_USER_PATHS = NO;
				CLANG_ANALYZER_NONNULL = YES;
				CLANG_ANALYZER_NUMBER_OBJECT_CONVERSION = YES_AGGRESSIVE;
				CLANG_CXX_LANGUAGE_STANDARD = "gnu++14";
				CLANG_CXX_LIBRARY = "libc++";
				CLANG_ENABLE_MODULES = YES;
				CLANG_ENABLE_OBJC_ARC = YES;
				CLANG_ENABLE_OBJC_WEAK = YES;
				CLANG_WARN_BLOCK_CAPTURE_AUTORELEASING = YES;
				CLANG_WARN_BOOL_CONVERSION = YES;
				CLANG_WARN_COMMA = YES;
				CLANG_WARN_CONSTANT_CONVERSION = YES;
				CLANG_WARN_DEPRECATED_OBJC_IMPLEMENTATIONS = YES;
				CLANG_WARN_DIRECT_OBJC_ISA_USAGE = YES_ERROR;
				CLANG_WARN_DOCUMENTATION_COMMENTS = YES;
				CLANG_WARN_EMPTY_BODY = YES;
				CLANG_WARN_ENUM_CONVERSION = YES;
				CLANG_WARN_INFINITE_RECURSION = YES;
				CLANG_WARN_INT_CONVERSION = YES;
				CLANG_WARN_NON_LITERAL_NULL_CONVERSION = YES;
				CLANG_WARN_OBJC_IMPLICIT_RETAIN_SELF = YES;
				CLANG_WARN_OBJC_LITERAL_CONVERSION = YES;
				CLANG_WARN_OBJC_ROOT_CLASS = YES_ERROR;
				CLANG_WARN_RANGE_LOOP_ANALYSIS = YES;
				CLANG_WARN_STRICT_PROTOTYPES = YES;
				CLANG_WARN_SUSPICIOUS_MOVE = YES;
				CLANG_WARN_UNGUARDED_AVAILABILITY = YES_AGGRESSIVE;
				CLANG_WARN_UNREACHABLE_CODE = YES;
				CLANG_WARN__DUPLICATE_METHOD_MATCH = YES;
				CODE_SIGN_IDENTITY = "iPhone Developer";
				COPY_PHASE_STRIP = NO;
				DEBUG_INFORMATION_FORMAT = dwarf;
				ENABLE_STRICT_OBJC_MSGSEND = YES;
				ENABLE_TESTABILITY = YES;
				GCC_C_LANGUAGE_STANDARD = gnu11;
				GCC_DYNAMIC_NO_PIC = NO;
				GCC_NO_COMMON_BLOCKS = YES;
				GCC_OPTIMIZATION_LEVEL = 0;
				GCC_PREPROCESSOR_DEFINITIONS = (
					"DEBUG=1",
					"$(inherited)",
				);
				GCC_WARN_64_TO_32_BIT_CONVERSION = YES;
				GCC_WARN_ABOUT_RETURN_TYPE = YES_ERROR;
				GCC_WARN_UNDECLARED_SELECTOR = YES;
				GCC_WARN_UNINITIALIZED_AUTOS = YES_AGGRESSIVE;
				GCC_WARN_UNUSED_FUNCTION = YES;
				GCC_WARN_UNUSED_VARIABLE = YES;
				IPHONEOS_DEPLOYMENT_TARGET = 12.2;
				MTL_ENABLE_DEBUG_INFO = INCLUDE_SOURCE;
				MTL_FAST_MATH = YES;
				ONLY_ACTIVE_ARCH = YES;
				SDKROOT = iphoneos;
			};
			name = Debug;
		};
		391FCF4922CAF51E00921C1D /* Release */ = {
			isa = XCBuildConfiguration;
			buildSettings = {
				ALWAYS_SEARCH_USER_PATHS = NO;
				CLANG_ANALYZER_NONNULL = YES;
				CLANG_ANALYZER_NUMBER_OBJECT_CONVERSION = YES_AGGRESSIVE;
				CLANG_CXX_LANGUAGE_STANDARD = "gnu++14";
				CLANG_CXX_LIBRARY = "libc++";
				CLANG_ENABLE_MODULES = YES;
				CLANG_ENABLE_OBJC_ARC = YES;
				CLANG_ENABLE_OBJC_WEAK = YES;
				CLANG_WARN_BLOCK_CAPTURE_AUTORELEASING = YES;
				CLANG_WARN_BOOL_CONVERSION = YES;
				CLANG_WARN_COMMA = YES;
				CLANG_WARN_CONSTANT_CONVERSION = YES;
				CLANG_WARN_DEPRECATED_OBJC_IMPLEMENTATIONS = YES;
				CLANG_WARN_DIRECT_OBJC_ISA_USAGE = YES_ERROR;
				CLANG_WARN_DOCUMENTATION_COMMENTS = YES;
				CLANG_WARN_EMPTY_BODY = YES;
				CLANG_WARN_ENUM_CONVERSION = YES;
				CLANG_WARN_INFINITE_RECURSION = YES;
				CLANG_WARN_INT_CONVERSION = YES;
				CLANG_WARN_NON_LITERAL_NULL_CONVERSION = YES;
				CLANG_WARN_OBJC_IMPLICIT_RETAIN_SELF = YES;
				CLANG_WARN_OBJC_LITERAL_CONVERSION = YES;
				CLANG_WARN_OBJC_ROOT_CLASS = YES_ERROR;
				CLANG_WARN_RANGE_LOOP_ANALYSIS = YES;
				CLANG_WARN_STRICT_PROTOTYPES = YES;
				CLANG_WARN_SUSPICIOUS_MOVE = YES;
				CLANG_WARN_UNGUARDED_AVAILABILITY = YES_AGGRESSIVE;
				CLANG_WARN_UNREACHABLE_CODE = YES;
				CLANG_WARN__DUPLICATE_METHOD_MATCH = YES;
				CODE_SIGN_IDENTITY = "iPhone Developer";
				COPY_PHASE_STRIP = NO;
				DEBUG_INFORMATION_FORMAT = "dwarf-with-dsym";
				ENABLE_NS_ASSERTIONS = NO;
				ENABLE_STRICT_OBJC_MSGSEND = YES;
				GCC_C_LANGUAGE_STANDARD = gnu11;
				GCC_NO_COMMON_BLOCKS = YES;
				GCC_WARN_64_TO_32_BIT_CONVERSION = YES;
				GCC_WARN_ABOUT_RETURN_TYPE = YES_ERROR;
				GCC_WARN_UNDECLARED_SELECTOR = YES;
				GCC_WARN_UNINITIALIZED_AUTOS = YES_AGGRESSIVE;
				GCC_WARN_UNUSED_FUNCTION = YES;
				GCC_WARN_UNUSED_VARIABLE = YES;
				IPHONEOS_DEPLOYMENT_TARGET = 12.2;
				MTL_ENABLE_DEBUG_INFO = NO;
				MTL_FAST_MATH = YES;
				SDKROOT = iphoneos;
				VALIDATE_PRODUCT = YES;
			};
			name = Release;
		};
		391FCF4B22CAF51E00921C1D /* Debug */ = {
			isa = XCBuildConfiguration;
			baseConfigurationReference = AAF866897AF26BAA19C82DB2 /* Pods-ZCYReader.debug.xcconfig */;
			buildSettings = {
				ASSETCATALOG_COMPILER_APPICON_NAME = AppIcon;
				CODE_SIGN_STYLE = Automatic;
				DEVELOPMENT_TEAM = GL9GCTA7BP;
				GCC_PRECOMPILE_PREFIX_HEADER = YES;
				GCC_PREFIX_HEADER = ZCYReader/PrefixHeader.pch;
				INFOPLIST_FILE = ZCYReader/Info.plist;
				IPHONEOS_DEPLOYMENT_TARGET = 9.0;
				LD_RUNPATH_SEARCH_PATHS = (
					"$(inherited)",
					"@executable_path/Frameworks",
				);
				PRODUCT_BUNDLE_IDENTIFIER = com.zcy.ZCYReader;
				PRODUCT_NAME = "$(TARGET_NAME)";
				TARGETED_DEVICE_FAMILY = "1,2";
			};
			name = Debug;
		};
		391FCF4C22CAF51E00921C1D /* Release */ = {
			isa = XCBuildConfiguration;
			baseConfigurationReference = 25C12DF7731CCD624E941004 /* Pods-ZCYReader.release.xcconfig */;
			buildSettings = {
				ASSETCATALOG_COMPILER_APPICON_NAME = AppIcon;
				CODE_SIGN_STYLE = Automatic;
				DEVELOPMENT_TEAM = GL9GCTA7BP;
				GCC_PRECOMPILE_PREFIX_HEADER = YES;
				GCC_PREFIX_HEADER = ZCYReader/PrefixHeader.pch;
				INFOPLIST_FILE = ZCYReader/Info.plist;
				IPHONEOS_DEPLOYMENT_TARGET = 9.0;
				LD_RUNPATH_SEARCH_PATHS = (
					"$(inherited)",
					"@executable_path/Frameworks",
				);
				PRODUCT_BUNDLE_IDENTIFIER = com.zcy.ZCYReader;
				PRODUCT_NAME = "$(TARGET_NAME)";
				TARGETED_DEVICE_FAMILY = "1,2";
			};
			name = Release;
		};
		391FCF4E22CAF51E00921C1D /* Debug */ = {
			isa = XCBuildConfiguration;
			buildSettings = {
				BUNDLE_LOADER = "$(TEST_HOST)";
				CODE_SIGN_STYLE = Automatic;
				DEVELOPMENT_TEAM = CL2P256765;
				INFOPLIST_FILE = ZCYReaderTests/Info.plist;
				LD_RUNPATH_SEARCH_PATHS = (
					"$(inherited)",
					"@executable_path/Frameworks",
					"@loader_path/Frameworks",
				);
				PRODUCT_BUNDLE_IDENTIFIER = com.zcy.ZCYReaderTests;
				PRODUCT_NAME = "$(TARGET_NAME)";
				TARGETED_DEVICE_FAMILY = "1,2";
				TEST_HOST = "$(BUILT_PRODUCTS_DIR)/ZCYReader.app/ZCYReader";
			};
			name = Debug;
		};
		391FCF4F22CAF51E00921C1D /* Release */ = {
			isa = XCBuildConfiguration;
			buildSettings = {
				BUNDLE_LOADER = "$(TEST_HOST)";
				CODE_SIGN_STYLE = Automatic;
				DEVELOPMENT_TEAM = CL2P256765;
				INFOPLIST_FILE = ZCYReaderTests/Info.plist;
				LD_RUNPATH_SEARCH_PATHS = (
					"$(inherited)",
					"@executable_path/Frameworks",
					"@loader_path/Frameworks",
				);
				PRODUCT_BUNDLE_IDENTIFIER = com.zcy.ZCYReaderTests;
				PRODUCT_NAME = "$(TARGET_NAME)";
				TARGETED_DEVICE_FAMILY = "1,2";
				TEST_HOST = "$(BUILT_PRODUCTS_DIR)/ZCYReader.app/ZCYReader";
			};
			name = Release;
		};
		391FCF5122CAF51E00921C1D /* Debug */ = {
			isa = XCBuildConfiguration;
			buildSettings = {
				CODE_SIGN_STYLE = Automatic;
				DEVELOPMENT_TEAM = CL2P256765;
				INFOPLIST_FILE = ZCYReaderUITests/Info.plist;
				LD_RUNPATH_SEARCH_PATHS = (
					"$(inherited)",
					"@executable_path/Frameworks",
					"@loader_path/Frameworks",
				);
				PRODUCT_BUNDLE_IDENTIFIER = com.zcy.ZCYReaderUITests;
				PRODUCT_NAME = "$(TARGET_NAME)";
				TARGETED_DEVICE_FAMILY = "1,2";
				TEST_TARGET_NAME = ZCYReader;
			};
			name = Debug;
		};
		391FCF5222CAF51E00921C1D /* Release */ = {
			isa = XCBuildConfiguration;
			buildSettings = {
				CODE_SIGN_STYLE = Automatic;
				DEVELOPMENT_TEAM = CL2P256765;
				INFOPLIST_FILE = ZCYReaderUITests/Info.plist;
				LD_RUNPATH_SEARCH_PATHS = (
					"$(inherited)",
					"@executable_path/Frameworks",
					"@loader_path/Frameworks",
				);
				PRODUCT_BUNDLE_IDENTIFIER = com.zcy.ZCYReaderUITests;
				PRODUCT_NAME = "$(TARGET_NAME)";
				TARGETED_DEVICE_FAMILY = "1,2";
				TEST_TARGET_NAME = ZCYReader;
			};
			name = Release;
		};
/* End XCBuildConfiguration section */

/* Begin XCConfigurationList section */
		391FCF1922CAF51C00921C1D /* Build configuration list for PBXProject "ZCYReader" */ = {
			isa = XCConfigurationList;
			buildConfigurations = (
				391FCF4822CAF51E00921C1D /* Debug */,
				391FCF4922CAF51E00921C1D /* Release */,
			);
			defaultConfigurationIsVisible = 0;
			defaultConfigurationName = Release;
		};
		391FCF4A22CAF51E00921C1D /* Build configuration list for PBXNativeTarget "ZCYReader" */ = {
			isa = XCConfigurationList;
			buildConfigurations = (
				391FCF4B22CAF51E00921C1D /* Debug */,
				391FCF4C22CAF51E00921C1D /* Release */,
			);
			defaultConfigurationIsVisible = 0;
			defaultConfigurationName = Release;
		};
		391FCF4D22CAF51E00921C1D /* Build configuration list for PBXNativeTarget "ZCYReaderTests" */ = {
			isa = XCConfigurationList;
			buildConfigurations = (
				391FCF4E22CAF51E00921C1D /* Debug */,
				391FCF4F22CAF51E00921C1D /* Release */,
			);
			defaultConfigurationIsVisible = 0;
			defaultConfigurationName = Release;
		};
		391FCF5022CAF51E00921C1D /* Build configuration list for PBXNativeTarget "ZCYReaderUITests" */ = {
			isa = XCConfigurationList;
			buildConfigurations = (
				391FCF5122CAF51E00921C1D /* Debug */,
				391FCF5222CAF51E00921C1D /* Release */,
			);
			defaultConfigurationIsVisible = 0;
			defaultConfigurationName = Release;
		};
/* End XCConfigurationList section */
	};
	rootObject = 391FCF1622CAF51C00921C1D /* Project object */;
}
